
Microsoft Visual Studio Solution File, Format Version 12.00
# Visual Studio Version 16
VisualStudioVersion = 16.0.31624.102
MinimumVisualStudioVersion = 10.0.40219.1
Project("{888888A0-9F3D-457C-B088-3A5042F75D52}") = "Lab1", "Lab1\Lab1.pyproj", "{1E1F4E16-68CA-41DD-B755-A52E9C02BE05}"
EndProject
Project("{888888A0-9F3D-457C-B088-3A5042F75D52}") = "Lab2", "Lab2\Lab2.pyproj", "{677B4B38-2D38-44FD-A2AA-06266534C0F3}"
EndProject
Project("{888888A0-9F3D-457C-B088-3A5042F75D52}") = "Lab3", "Lab3\Lab3.pyproj", "{0DCFC6C9-5CAE-42A2-9746-07B11D3512DF}"
EndProject
Project("{888888A0-9F3D-457C-B088-3A5042F75D52}") = "Lab5", "Lab5\Lab5.pyproj", "{108477EC-16D6-40AA-B3D1-242F23C7C26E}"
EndProject
Project("{888888A0-9F3D-457C-B088-3A5042F75D52}") = "Lab6", "Lab6\Lab6.pyproj", "{EE051FF7-2415-4880-A072-4D30AC4C2236}"
EndProject
Project("{888888A0-9F3D-457C-B088-3A5042F75D52}") = "Lab9", "Lab9\Lab9.pyproj", "{320567EB-F7BE-4994-84DE-3008E5A35F56}"
EndProject
Project("{888888A0-9F3D-457C-B088-3A5042F75D52}") = "Lab2_1", "Lab2_1\Lab2_1.pyproj", "{D32D174F-9331-4198-9E31-4BB65F8EFD90}"
EndProject
Global
	GlobalSection(SolutionConfigurationPlatforms) = preSolution
		Debug|Any CPU = Debug|Any CPU
		Release|Any CPU = Release|Any CPU
	EndGlobalSection
	GlobalSection(ProjectConfigurationPlatforms) = postSolution
		{1E1F4E16-68CA-41DD-B755-A52E9C02BE05}.Debug|Any CPU.ActiveCfg = Debug|Any CPU
		{1E1F4E16-68CA-41DD-B755-A52E9C02BE05}.Release|Any CPU.ActiveCfg = Release|Any CPU
		{677B4B38-2D38-44FD-A2AA-06266534C0F3}.Debug|Any CPU.ActiveCfg = Debug|Any CPU
		{677B4B38-2D38-44FD-A2AA-06266534C0F3}.Release|Any CPU.ActiveCfg = Release|Any CPU
		{0DCFC6C9-5CAE-42A2-9746-07B11D3512DF}.Debug|Any CPU.ActiveCfg = Debug|Any CPU
		{0DCFC6C9-5CAE-42A2-9746-07B11D3512DF}.Release|Any CPU.ActiveCfg = Release|Any CPU
		{108477EC-16D6-40AA-B3D1-242F23C7C26E}.Debug|Any CPU.ActiveCfg = Debug|Any CPU
		{108477EC-16D6-40AA-B3D1-242F23C7C26E}.Release|Any CPU.ActiveCfg = Release|Any CPU
		{EE051FF7-2415-4880-A072-4D30AC4C2236}.Debug|Any CPU.ActiveCfg = Debug|Any CPU
		{EE051FF7-2415-4880-A072-4D30AC4C2236}.Release|Any CPU.ActiveCfg = Release|Any CPU
		{320567EB-F7BE-4994-84DE-3008E5A35F56}.Debug|Any CPU.ActiveCfg = Debug|Any CPU
		{320567EB-F7BE-4994-84DE-3008E5A35F56}.Release|Any CPU.ActiveCfg = Release|Any CPU
		{D32D174F-9331-4198-9E31-4BB65F8EFD90}.Debug|Any CPU.ActiveCfg = Debug|Any CPU
		{D32D174F-9331-4198-9E31-4BB65F8EFD90}.Release|Any CPU.ActiveCfg = Release|Any CPU
	EndGlobalSection
	GlobalSection(SolutionProperties) = preSolution
		HideSolutionNode = FALSE
	EndGlobalSection
	GlobalSection(ExtensibilityGlobals) = postSolution
		SolutionGuid = {64F820BC-D6A2-4CBA-81AC-6C3BAB34E53E}
	EndGlobalSection
EndGlobal
